{
  "name": "ic-lib",
  "version": "1.9.1",
  "lockfileVersion": 3,
  "requires": true,
  "packages": {
    "": {
      "name": "ic-lib",
      "version": "1.9.1",
      "license": "AGPL-3.0",
      "engines": {
        "node": ">=22.0.0",
        "npm": ">=10.0.0"
      }
    }
  }
}
