{
  "name": "ic-lib",
  "version": "1.10.0",
  "lockfileVersion": 3,
  "requires": true,
  "packages": {
    "": {
      "name": "ic-lib",
      "version": "1.10.0",
      "license": "LicenseRef-IC-Lib-1.0",
      "engines": {
        "node": ">=25.0.0",
        "npm": ">=10.0.0"
      }
    }
  }
}
